
Microsoft Visual Studio Solution File, Format Version 12.00
# Visual Studio Version 16
VisualStudioVersion = 16.0.28803.352
MinimumVisualStudioVersion = 10.0.40219.1
Project("{9A19103F-16F7-4668-BE54-9A1E7A4F7556}") = "DbLocalizationProvider.AspNetCore", "src\DbLocalizationProvider.AspNetCore\DbLocalizationProvider.AspNetCore.csproj", "{F6627B30-A832-4EB8-A0A1-1125249F2CB6}"
EndProject
Project("{9A19103F-16F7-4668-BE54-9A1E7A4F7556}") = "DbLocalizationProvider.Abstractions", "lib\localization-provider\src\DbLocalizationProvider.Abstractions\DbLocalizationProvider.Abstractions.csproj", "{5E9121F2-E6F3-43D5-8262-8C29A2727A68}"
EndProject
Project("{9A19103F-16F7-4668-BE54-9A1E7A4F7556}") = "DbLocalizationProvider", "lib\localization-provider\src\DbLocalizationProvider\DbLocalizationProvider.csproj", "{3D112110-2DE2-40E9-A3BB-78A64C473CDB}"
EndProject
Project("{2150E333-8FDC-42A3-9474-1A3956D46DE8}") = "tests", "tests", "{F5B8BFCE-3471-4B0F-99F8-BE786AD33B51}"
EndProject
Project("{9A19103F-16F7-4668-BE54-9A1E7A4F7556}") = "DbLocalizationProvider.Core.AspNetSample", "tests\DbLocalizationProvider.Core.AspNetSample\DbLocalizationProvider.Core.AspNetSample.csproj", "{A9330AEF-F9AC-44A0-B5B8-B845884F0229}"
EndProject
Project("{2150E333-8FDC-42A3-9474-1A3956D46DE8}") = "soluition-items", "soluition-items", "{45DBFA30-8F60-4D5A-8437-2BAE3976594F}"
	ProjectSection(SolutionItems) = preProject
		.editorconfig = .editorconfig
		.gitignore = .gitignore
		.travis.yml = .travis.yml
		_config.yml = _config.yml
		appveyor.yml = appveyor.yml
		build-packages.ps1 = build-packages.ps1
		global.json = global.json
		LICENSE = LICENSE
		README.md = README.md
	EndProjectSection
EndProject
Project("{2150E333-8FDC-42A3-9474-1A3956D46DE8}") = "docs", "docs", "{07147348-CBC2-45C3-800B-5D970EF005D2}"
	ProjectSection(SolutionItems) = preProject
		docs\client-side-provider-netcore.md = docs\client-side-provider-netcore.md
		getting-started-adminui.md = getting-started-adminui.md
		docs\getting-started-netcore.md = docs\getting-started-netcore.md
		docs\localizing-content-netcore.md = docs\localizing-content-netcore.md
		docs\localizing-viewmodel-netcore.md = docs\localizing-viewmodel-netcore.md
	EndProjectSection
EndProject
Project("{9A19103F-16F7-4668-BE54-9A1E7A4F7556}") = "DbLocalizationProvider.AdminUI.AspNetCore", "src\DbLocalizationProvider.AdminUI.AspNetCore\DbLocalizationProvider.AdminUI.AspNetCore.csproj", "{EFBEF627-654F-4A18-B9FA-4F4486539C06}"
EndProject
Project("{9A19103F-16F7-4668-BE54-9A1E7A4F7556}") = "DbLocalizationProvider.AdminUI.AspNetCore.Tests", "tests\DbLocalizationProvider.AdminUI.AspNetCore.Tests\DbLocalizationProvider.AdminUI.AspNetCore.Tests.csproj", "{35692314-A1E9-4A5C-B9AA-562D45BB88AB}"
EndProject
Project("{9A19103F-16F7-4668-BE54-9A1E7A4F7556}") = "DbLocalizationProvider.Core.AspNet.ForeignAssembly", "tests\DbLocalizationProvider.Core.AspNet.ForeignAssembly\DbLocalizationProvider.Core.AspNet.ForeignAssembly.csproj", "{31F14DAD-393F-48F3-89C0-4E5102A5E14B}"
EndProject
Project("{9A19103F-16F7-4668-BE54-9A1E7A4F7556}") = "DbLocalizationProvider.Tests", "lib\localization-provider\Tests\DbLocalizationProvider.Tests\DbLocalizationProvider.Tests.csproj", "{7A6DBF5B-D5BC-4B60-BFD8-F52A0C56CF26}"
EndProject
Project("{2150E333-8FDC-42A3-9474-1A3956D46DE8}") = "shared", "shared", "{AD9CAF72-F7E8-4DF1-8710-E85D97AF3E40}"
EndProject
Project("{9A19103F-16F7-4668-BE54-9A1E7A4F7556}") = "DbLocalizationProvider.Storage.SqlServer", "lib\localization-provider\src\DbLocalizationProvider.Storage.SqlServer\DbLocalizationProvider.Storage.SqlServer.csproj", "{EB65FE28-A09C-4F3C-8F01-7C2721A96B5F}"
EndProject
Project("{FAE04EC0-301F-11D3-BF4B-00C04F79EFBC}") = "DbLocalizationProvider.Core.AzFuncSample", "tests\DbLocalizationProvider.Core.AzFuncSample\DbLocalizationProvider.Core.AzFuncSample.csproj", "{130B3299-0685-4A94-9F77-2982657B7D3C}"
EndProject
Global
	GlobalSection(SolutionConfigurationPlatforms) = preSolution
		Debug|Any CPU = Debug|Any CPU
		Release|Any CPU = Release|Any CPU
	EndGlobalSection
	GlobalSection(ProjectConfigurationPlatforms) = postSolution
		{F6627B30-A832-4EB8-A0A1-1125249F2CB6}.Debug|Any CPU.ActiveCfg = Debug|Any CPU
		{F6627B30-A832-4EB8-A0A1-1125249F2CB6}.Debug|Any CPU.Build.0 = Debug|Any CPU
		{F6627B30-A832-4EB8-A0A1-1125249F2CB6}.Release|Any CPU.ActiveCfg = Release|Any CPU
		{F6627B30-A832-4EB8-A0A1-1125249F2CB6}.Release|Any CPU.Build.0 = Release|Any CPU
		{5E9121F2-E6F3-43D5-8262-8C29A2727A68}.Debug|Any CPU.ActiveCfg = Debug|Any CPU
		{5E9121F2-E6F3-43D5-8262-8C29A2727A68}.Debug|Any CPU.Build.0 = Debug|Any CPU
		{5E9121F2-E6F3-43D5-8262-8C29A2727A68}.Release|Any CPU.ActiveCfg = Release|Any CPU
		{5E9121F2-E6F3-43D5-8262-8C29A2727A68}.Release|Any CPU.Build.0 = Release|Any CPU
		{3D112110-2DE2-40E9-A3BB-78A64C473CDB}.Debug|Any CPU.ActiveCfg = Debug|Any CPU
		{3D112110-2DE2-40E9-A3BB-78A64C473CDB}.Debug|Any CPU.Build.0 = Debug|Any CPU
		{3D112110-2DE2-40E9-A3BB-78A64C473CDB}.Release|Any CPU.ActiveCfg = Release|Any CPU
		{3D112110-2DE2-40E9-A3BB-78A64C473CDB}.Release|Any CPU.Build.0 = Release|Any CPU
		{A9330AEF-F9AC-44A0-B5B8-B845884F0229}.Debug|Any CPU.ActiveCfg = Debug|Any CPU
		{A9330AEF-F9AC-44A0-B5B8-B845884F0229}.Debug|Any CPU.Build.0 = Debug|Any CPU
		{A9330AEF-F9AC-44A0-B5B8-B845884F0229}.Release|Any CPU.ActiveCfg = Release|Any CPU
		{A9330AEF-F9AC-44A0-B5B8-B845884F0229}.Release|Any CPU.Build.0 = Release|Any CPU
		{EFBEF627-654F-4A18-B9FA-4F4486539C06}.Debug|Any CPU.ActiveCfg = Debug|Any CPU
		{EFBEF627-654F-4A18-B9FA-4F4486539C06}.Debug|Any CPU.Build.0 = Debug|Any CPU
		{EFBEF627-654F-4A18-B9FA-4F4486539C06}.Release|Any CPU.ActiveCfg = Release|Any CPU
		{EFBEF627-654F-4A18-B9FA-4F4486539C06}.Release|Any CPU.Build.0 = Release|Any CPU
		{35692314-A1E9-4A5C-B9AA-562D45BB88AB}.Debug|Any CPU.ActiveCfg = Debug|Any CPU
		{35692314-A1E9-4A5C-B9AA-562D45BB88AB}.Debug|Any CPU.Build.0 = Debug|Any CPU
		{35692314-A1E9-4A5C-B9AA-562D45BB88AB}.Release|Any CPU.ActiveCfg = Release|Any CPU
		{35692314-A1E9-4A5C-B9AA-562D45BB88AB}.Release|Any CPU.Build.0 = Release|Any CPU
		{31F14DAD-393F-48F3-89C0-4E5102A5E14B}.Debug|Any CPU.ActiveCfg = Debug|Any CPU
		{31F14DAD-393F-48F3-89C0-4E5102A5E14B}.Debug|Any CPU.Build.0 = Debug|Any CPU
		{31F14DAD-393F-48F3-89C0-4E5102A5E14B}.Release|Any CPU.ActiveCfg = Release|Any CPU
		{31F14DAD-393F-48F3-89C0-4E5102A5E14B}.Release|Any CPU.Build.0 = Release|Any CPU
		{7A6DBF5B-D5BC-4B60-BFD8-F52A0C56CF26}.Debug|Any CPU.ActiveCfg = Debug|Any CPU
		{7A6DBF5B-D5BC-4B60-BFD8-F52A0C56CF26}.Debug|Any CPU.Build.0 = Debug|Any CPU
		{7A6DBF5B-D5BC-4B60-BFD8-F52A0C56CF26}.Release|Any CPU.ActiveCfg = Release|Any CPU
		{7A6DBF5B-D5BC-4B60-BFD8-F52A0C56CF26}.Release|Any CPU.Build.0 = Release|Any CPU
		{EB65FE28-A09C-4F3C-8F01-7C2721A96B5F}.Debug|Any CPU.ActiveCfg = Debug|Any CPU
		{EB65FE28-A09C-4F3C-8F01-7C2721A96B5F}.Debug|Any CPU.Build.0 = Debug|Any CPU
		{EB65FE28-A09C-4F3C-8F01-7C2721A96B5F}.Release|Any CPU.ActiveCfg = Release|Any CPU
		{EB65FE28-A09C-4F3C-8F01-7C2721A96B5F}.Release|Any CPU.Build.0 = Release|Any CPU
		{130B3299-0685-4A94-9F77-2982657B7D3C}.Debug|Any CPU.ActiveCfg = Debug|Any CPU
		{130B3299-0685-4A94-9F77-2982657B7D3C}.Debug|Any CPU.Build.0 = Debug|Any CPU
		{130B3299-0685-4A94-9F77-2982657B7D3C}.Release|Any CPU.ActiveCfg = Release|Any CPU
		{130B3299-0685-4A94-9F77-2982657B7D3C}.Release|Any CPU.Build.0 = Release|Any CPU
	EndGlobalSection
	GlobalSection(SolutionProperties) = preSolution
		HideSolutionNode = FALSE
	EndGlobalSection
	GlobalSection(NestedProjects) = preSolution
		{5E9121F2-E6F3-43D5-8262-8C29A2727A68} = {AD9CAF72-F7E8-4DF1-8710-E85D97AF3E40}
		{3D112110-2DE2-40E9-A3BB-78A64C473CDB} = {AD9CAF72-F7E8-4DF1-8710-E85D97AF3E40}
		{A9330AEF-F9AC-44A0-B5B8-B845884F0229} = {F5B8BFCE-3471-4B0F-99F8-BE786AD33B51}
		{35692314-A1E9-4A5C-B9AA-562D45BB88AB} = {F5B8BFCE-3471-4B0F-99F8-BE786AD33B51}
		{31F14DAD-393F-48F3-89C0-4E5102A5E14B} = {F5B8BFCE-3471-4B0F-99F8-BE786AD33B51}
		{7A6DBF5B-D5BC-4B60-BFD8-F52A0C56CF26} = {F5B8BFCE-3471-4B0F-99F8-BE786AD33B51}
		{EB65FE28-A09C-4F3C-8F01-7C2721A96B5F} = {AD9CAF72-F7E8-4DF1-8710-E85D97AF3E40}
		{130B3299-0685-4A94-9F77-2982657B7D3C} = {F5B8BFCE-3471-4B0F-99F8-BE786AD33B51}
	EndGlobalSection
	GlobalSection(ExtensibilityGlobals) = postSolution
		SolutionGuid = {0E35C742-F247-48BF-A94F-BA48F1629C9C}
	EndGlobalSection
EndGlobal
