{
    "name": "aspnetcore.admin-ui",
    "version": "1.0.0",
    "lockfileVersion": 1,
    "requires": true,
    "dependencies": {
        "@fortawesome/fontawesome-free": {
            "version": "5.15.1",
            "resolved": "https://registry.npmjs.org/@fortawesome/fontawesome-free/-/fontawesome-free-5.15.1.tgz",
            "integrity": "sha512-OEdH7SyC1suTdhBGW91/zBfR6qaIhThbcN8PUXtXilY4GYnSBbVqOntdHbC1vXwsDnX0Qix2m2+DSU1J51ybOQ=="
        },
        "asynckit": {
            "version": "0.4.0",
            "resolved": "https://registry.npmjs.org/asynckit/-/asynckit-0.4.0.tgz",
            "integrity": "sha512-Oei9OH4tRh0YqU3GxhX79dM/mwVgvbZJaSNaRk+bshkj0S5cfHcgYakreBjrHwatXKbz+IoIdYLxrKim2MjW0Q=="
        },
        "axios": {
            "version": "1.6.4",
            "resolved": "https://registry.npmjs.org/axios/-/axios-1.6.4.tgz",
            "integrity": "sha512-heJnIs6N4aa1eSthhN9M5ioILu8Wi8vmQW9iHQ9NUvfkJb0lEEDUiIdQNAuBtfUt3FxReaKdpQA5DbmMOqzF/A==",
            "requires": {
                "follow-redirects": "^1.15.4",
                "form-data": "^4.0.0",
                "proxy-from-env": "^1.1.0"
            }
        },
        "bootstrap": {
            "version": "4.5.3",
            "resolved": "https://registry.npmjs.org/bootstrap/-/bootstrap-4.5.3.tgz",
            "integrity": "sha512-o9ppKQioXGqhw8Z7mah6KdTYpNQY//tipnkxppWhPbiSWdD+1raYsnhwEZjkTHYbGee4cVQ0Rx65EhOY/HNLcQ=="
        },
        "combined-stream": {
            "version": "1.0.8",
            "resolved": "https://registry.npmjs.org/combined-stream/-/combined-stream-1.0.8.tgz",
            "integrity": "sha512-FQN4MRfuJeHf7cBbBMJFXhKSDq+2kAArBlmRBvcvFE5BB1HZKXtSFASDhdlz9zOYwxh8lDdnvmMOe/+5cdoEdg==",
            "requires": {
                "delayed-stream": "~1.0.0"
            }
        },
        "delayed-stream": {
            "version": "1.0.0",
            "resolved": "https://registry.npmjs.org/delayed-stream/-/delayed-stream-1.0.0.tgz",
            "integrity": "sha512-ZySD7Nf91aLB0RxL4KGrKHBXl7Eds1DAmEdcoVawXnLD7SDhpNgtuII2aAkg7a7QS41jxPSZ17p4VdGnMHk3MQ=="
        },
        "downloadjs": {
            "version": "1.4.7",
            "resolved": "https://registry.npmjs.org/downloadjs/-/downloadjs-1.4.7.tgz",
            "integrity": "sha1-9p+W+UDg0FU9rCkROYZaPNAQHjw="
        },
        "follow-redirects": {
            "version": "1.15.4",
            "resolved": "https://registry.npmjs.org/follow-redirects/-/follow-redirects-1.15.4.tgz",
            "integrity": "sha512-Cr4D/5wlrb0z9dgERpUL3LrmPKVDsETIJhaCMeDfuFYcqa5bldGV6wBsAN6X/vxlXQtFBMrXdXxdL8CbDTGniw=="
        },
        "form-data": {
            "version": "4.0.0",
            "resolved": "https://registry.npmjs.org/form-data/-/form-data-4.0.0.tgz",
            "integrity": "sha512-ETEklSGi5t0QMZuiXoA/Q6vcnxcLQP5vdugSpuAyi6SVGi2clPPp+xgEhuMaHC+zGgn31Kd235W35f7Hykkaww==",
            "requires": {
                "asynckit": "^0.4.0",
                "combined-stream": "^1.0.8",
                "mime-types": "^2.1.12"
            }
        },
        "jquery": {
            "version": "3.5.1",
            "resolved": "https://registry.npmjs.org/jquery/-/jquery-3.5.1.tgz",
            "integrity": "sha512-XwIBPqcMn57FxfT+Go5pzySnm4KWkT1Tv7gjrpT1srtf8Weynl6R273VJ5GjkRb51IzMp5nbaPjJXMWeju2MKg=="
        },
        "mime-db": {
            "version": "1.52.0",
            "resolved": "https://registry.npmjs.org/mime-db/-/mime-db-1.52.0.tgz",
            "integrity": "sha512-sPU4uV7dYlvtWJxwwxHD0PuihVNiE7TyAbQ5SWxDCB9mUYvOgroQOwYQQOKPJ8CIbE+1ETVlOoK1UC2nU3gYvg=="
        },
        "mime-types": {
            "version": "2.1.35",
            "resolved": "https://registry.npmjs.org/mime-types/-/mime-types-2.1.35.tgz",
            "integrity": "sha512-ZDY+bPm5zTTF+YpCrAU9nK0UgICYPT0QtT1NZWFv4s++TNkcgVaT0g6+4R2uI4MjQjzysHB1zxuWL50hzaeXiw==",
            "requires": {
                "mime-db": "1.52.0"
            }
        },
        "open-iconic": {
            "version": "1.1.1",
            "resolved": "https://registry.npmjs.org/open-iconic/-/open-iconic-1.1.1.tgz",
            "integrity": "sha1-nc/Ix808Yc20ojaxo0eJTJetwMY="
        },
        "popper.js": {
            "version": "1.16.1",
            "resolved": "https://registry.npmjs.org/popper.js/-/popper.js-1.16.1.tgz",
            "integrity": "sha512-Wb4p1J4zyFTbM+u6WuO4XstYx4Ky9Cewe4DWrel7B0w6VVICvPwdOpotjzcf6eD8TsckVnIMNONQyPIUFOUbCQ=="
        },
        "proxy-from-env": {
            "version": "1.1.0",
            "resolved": "https://registry.npmjs.org/proxy-from-env/-/proxy-from-env-1.1.0.tgz",
            "integrity": "sha512-D+zkORCbA9f1tdWRK0RaCR3GPv50cMxcrz4X8k5LTSUD1Dkw47mKJEZQNunItRTkWwgtaUSo1RVFRIG9ZXiFYg=="
        },
        "vee-validate": {
            "version": "2.2.15",
            "resolved": "https://registry.npmjs.org/vee-validate/-/vee-validate-2.2.15.tgz",
            "integrity": "sha512-4TOsI8XwVkKVLkg8Nhmy+jyoJrR6XcTRDyxBarzcCvYzU61zamipS1WsB6FlDze8eJQpgglS4NXAS6o4NDPs1g=="
        },
        "vue": {
            "version": "2.6.12",
            "resolved": "https://registry.npmjs.org/vue/-/vue-2.6.12.tgz",
            "integrity": "sha512-uhmLFETqPPNyuLLbsKz6ioJ4q7AZHzD8ZVFNATNyICSZouqP2Sz0rotWQC8UNBF6VGSCs5abnKJoStA6JbCbfg=="
        },
        "vue-ads-form-builder": {
            "version": "0.1.15",
            "resolved": "https://registry.npmjs.org/vue-ads-form-builder/-/vue-ads-form-builder-0.1.15.tgz",
            "integrity": "sha512-7J3itnT+MHqODyO39JkGetREA1YlnNVHYj6KGlT9uGMnNr1H7NmTStasoZ1bpHU7AJ5Uyyp7tuWZl105H7DEPw==",
            "requires": {
                "@fortawesome/fontawesome-free": "^5.7.2",
                "vee-validate": "^2.1.7",
                "vue": "^2.6.6",
                "vue-perfect-scrollbar": "^0.1.0"
            }
        },
        "vue-ads-pagination": {
            "version": "2.1.7",
            "resolved": "https://registry.npmjs.org/vue-ads-pagination/-/vue-ads-pagination-2.1.7.tgz",
            "integrity": "sha512-uvWHvHjG3KhdiVeLm4v5DP4K3+MlczizSLCuILNHnWghvt6q6og3L7k8fGuyXFyqMOBftEdV90WU6wRcNCqwtA==",
            "requires": {
                "@fortawesome/fontawesome-free": "^5.11.2",
                "vue": "^2.6.10"
            },
            "dependencies": {
                "@fortawesome/fontawesome-free": {
                    "version": "5.15.1",
                    "resolved": "https://registry.npmjs.org/@fortawesome/fontawesome-free/-/fontawesome-free-5.15.1.tgz",
                    "integrity": "sha512-OEdH7SyC1suTdhBGW91/zBfR6qaIhThbcN8PUXtXilY4GYnSBbVqOntdHbC1vXwsDnX0Qix2m2+DSU1J51ybOQ=="
                }
            }
        },
        "vue-ads-table-tree": {
            "version": "2.4.2",
            "resolved": "https://registry.npmjs.org/vue-ads-table-tree/-/vue-ads-table-tree-2.4.2.tgz",
            "integrity": "sha512-PBWA1fFw/AdislGkb+zSsvdPQaLrabxymrJq44wsuKIcQUeIWA6bGS/0239XbpsWkuIt6Gtj6yIoSypj5A3qAw==",
            "requires": {
                "@fortawesome/fontawesome-free": "^5.11.2",
                "vue": "^2.6.10",
                "vue-ads-form-builder": "^0.1.15",
                "vue-ads-pagination": "^2.1.7",
                "vue-json-excel": "^0.2.98"
            },
            "dependencies": {
                "@fortawesome/fontawesome-free": {
                    "version": "5.15.1",
                    "resolved": "https://registry.npmjs.org/@fortawesome/fontawesome-free/-/fontawesome-free-5.15.1.tgz",
                    "integrity": "sha512-OEdH7SyC1suTdhBGW91/zBfR6qaIhThbcN8PUXtXilY4GYnSBbVqOntdHbC1vXwsDnX0Qix2m2+DSU1J51ybOQ=="
                }
            }
        },
        "vue-directive-tooltip": {
            "version": "1.6.3",
            "resolved": "https://registry.npmjs.org/vue-directive-tooltip/-/vue-directive-tooltip-1.6.3.tgz",
            "integrity": "sha512-aSdlBIdibctL+Tw+2j+IVUtz/fOZPLMQz0xxSoIGOA223WsPahiybSykJHx6QxtPzWq2phE/OZaCTmvMOVPyeA==",
            "requires": {
                "popper.js": "1.15.0"
            },
            "dependencies": {
                "popper.js": {
                    "version": "1.15.0",
                    "resolved": "https://registry.npmjs.org/popper.js/-/popper.js-1.15.0.tgz",
                    "integrity": "sha512-w010cY1oCUmI+9KwwlWki+r5jxKfTFDVoadl7MSrIujHU5MJ5OR6HTDj6Xo8aoR/QsA56x8jKjA59qGH4ELtrA=="
                }
            }
        },
        "vue-json-excel": {
            "version": "0.2.99",
            "resolved": "https://registry.npmjs.org/vue-json-excel/-/vue-json-excel-0.2.99.tgz",
            "integrity": "sha512-Zu1uV/KUGjG8oGchF1kK/53eaTEXoKPC4pZknuF3n+/7fctxuuOuQ5bda9GRE0PukRCbyJtL1v3Y256GmnyOaQ==",
            "requires": {
                "downloadjs": "^1.4.7"
            }
        },
        "vue-perfect-scrollbar": {
            "version": "0.1.0",
            "resolved": "https://registry.npmjs.org/vue-perfect-scrollbar/-/vue-perfect-scrollbar-0.1.0.tgz",
            "integrity": "sha512-l/ZEidPDFplXeDtxs+gO3D8efhwqyIEcUtfvfRujCQemcn39ghpSNoizWWZYI6Ro0iz3yP+w7LqNxEBjE+T1qQ=="
        }
    }
}
