{
  "name": "aspnetcore.admin-ui",
  "version": "1.0.0",
  "lockfileVersion": 1,
  "requires": true,
  "dependencies": {
    "@babel/parser": {
      "version": "7.20.7",
      "resolved": "https://registry.npmjs.org/@babel/parser/-/parser-7.20.7.tgz",
      "integrity": "sha512-T3Z9oHybU+0vZlY9CiDSJQTD5ZapcW18ZctFMi0MOAl/4BjFF4ul7NVSARLdbGO5vDqy9eQiGTV0LtKfvCYvcg=="
    },
    "@fortawesome/fontawesome-free": {
      "version": "5.15.1",
      "resolved": "https://registry.npmjs.org/@fortawesome/fontawesome-free/-/fontawesome-free-5.15.1.tgz",
      "integrity": "sha512-OEdH7SyC1suTdhBGW91/zBfR6qaIhThbcN8PUXtXilY4GYnSBbVqOntdHbC1vXwsDnX0Qix2m2+DSU1J51ybOQ=="
    },
    "@vue/compiler-sfc": {
      "version": "2.7.14",
      "resolved": "https://registry.npmjs.org/@vue/compiler-sfc/-/compiler-sfc-2.7.14.tgz",
      "integrity": "sha512-aNmNHyLPsw+sVvlQFQ2/8sjNuLtK54TC6cuKnVzAY93ks4ZBrvwQSnkkIh7bsbNhum5hJBS00wSDipQ937f5DA==",
      "requires": {
        "@babel/parser": "^7.18.4",
        "postcss": "^8.4.14",
        "source-map": "^0.6.1"
      }
    },
    "axios": {
      "version": "0.21.1",
      "resolved": "https://registry.npmjs.org/axios/-/axios-0.21.1.tgz",
      "integrity": "sha512-dKQiRHxGD9PPRIUNIWvZhPTPpl1rf/OxTYKsqKUDjBwYylTvV7SjSHJb9ratfyzM6wCdLCOYLzs73qpg5c4iGA==",
      "requires": {
        "follow-redirects": "^1.10.0"
      }
    },
    "bootstrap": {
      "version": "4.5.3",
      "resolved": "https://registry.npmjs.org/bootstrap/-/bootstrap-4.5.3.tgz",
      "integrity": "sha512-o9ppKQioXGqhw8Z7mah6KdTYpNQY//tipnkxppWhPbiSWdD+1raYsnhwEZjkTHYbGee4cVQ0Rx65EhOY/HNLcQ=="
    },
    "csstype": {
      "version": "3.1.1",
      "resolved": "https://registry.npmjs.org/csstype/-/csstype-3.1.1.tgz",
      "integrity": "sha512-DJR/VvkAvSZW9bTouZue2sSxDwdTN92uHjqeKVm+0dAqdfNykRzQ95tay8aXMBAAPpUiq4Qcug2L7neoRh2Egw=="
    },
    "downloadjs": {
      "version": "1.4.7",
      "resolved": "https://registry.npmjs.org/downloadjs/-/downloadjs-1.4.7.tgz",
      "integrity": "sha1-9p+W+UDg0FU9rCkROYZaPNAQHjw="
    },
    "follow-redirects": {
      "version": "1.13.1",
      "resolved": "https://registry.npmjs.org/follow-redirects/-/follow-redirects-1.13.1.tgz",
      "integrity": "sha512-SSG5xmZh1mkPGyKzjZP8zLjltIfpW32Y5QpdNJyjcfGxK3qo3NDDkZOZSFiGn1A6SclQxY9GzEwAHQ3dmYRWpg=="
    },
    "jquery": {
      "version": "3.5.1",
      "resolved": "https://registry.npmjs.org/jquery/-/jquery-3.5.1.tgz",
      "integrity": "sha512-XwIBPqcMn57FxfT+Go5pzySnm4KWkT1Tv7gjrpT1srtf8Weynl6R273VJ5GjkRb51IzMp5nbaPjJXMWeju2MKg=="
    },
    "nanoid": {
      "version": "3.3.4",
      "resolved": "https://registry.npmjs.org/nanoid/-/nanoid-3.3.4.tgz",
      "integrity": "sha512-MqBkQh/OHTS2egovRtLk45wEyNXwF+cokD+1YPf9u5VfJiRdAiRwB2froX5Co9Rh20xs4siNPm8naNotSD6RBw=="
    },
    "open-iconic": {
      "version": "1.1.1",
      "resolved": "https://registry.npmjs.org/open-iconic/-/open-iconic-1.1.1.tgz",
      "integrity": "sha1-nc/Ix808Yc20ojaxo0eJTJetwMY="
    },
    "picocolors": {
      "version": "1.0.0",
      "resolved": "https://registry.npmjs.org/picocolors/-/picocolors-1.0.0.tgz",
      "integrity": "sha512-1fygroTLlHu66zi26VoTDv8yRgm0Fccecssto+MhsZ0D/DGW2sm8E8AjW7NU5VVTRt5GxbeZ5qBuJr+HyLYkjQ=="
    },
    "popper.js": {
      "version": "1.16.1",
      "resolved": "https://registry.npmjs.org/popper.js/-/popper.js-1.16.1.tgz",
      "integrity": "sha512-Wb4p1J4zyFTbM+u6WuO4XstYx4Ky9Cewe4DWrel7B0w6VVICvPwdOpotjzcf6eD8TsckVnIMNONQyPIUFOUbCQ=="
    },
    "postcss": {
      "version": "8.4.20",
      "resolved": "https://registry.npmjs.org/postcss/-/postcss-8.4.20.tgz",
      "integrity": "sha512-6Q04AXR1212bXr5fh03u8aAwbLxAQNGQ/Q1LNa0VfOI06ZAlhPHtQvE4OIdpj4kLThXilalPnmDSOD65DcHt+g==",
      "requires": {
        "nanoid": "^3.3.4",
        "picocolors": "^1.0.0",
        "source-map-js": "^1.0.2"
      }
    },
    "source-map": {
      "version": "0.6.1",
      "resolved": "https://registry.npmjs.org/source-map/-/source-map-0.6.1.tgz",
      "integrity": "sha512-UjgapumWlbMhkBgzT7Ykc5YXUT46F0iKu8SGXq0bcwP5dz/h0Plj6enJqjz1Zbq2l5WaqYnrVbwWOWMyF3F47g=="
    },
    "source-map-js": {
      "version": "1.0.2",
      "resolved": "https://registry.npmjs.org/source-map-js/-/source-map-js-1.0.2.tgz",
      "integrity": "sha512-R0XvVJ9WusLiqTCEiGCmICCMplcCkIwwR11mOSD9CR5u+IXYdiseeEuXCVAjS54zqwkLcPNnmU4OeJ6tUrWhDw=="
    },
    "vee-validate": {
      "version": "2.2.15",
      "resolved": "https://registry.npmjs.org/vee-validate/-/vee-validate-2.2.15.tgz",
      "integrity": "sha512-4TOsI8XwVkKVLkg8Nhmy+jyoJrR6XcTRDyxBarzcCvYzU61zamipS1WsB6FlDze8eJQpgglS4NXAS6o4NDPs1g=="
    },
    "vue": {
      "version": "2.7.14",
      "resolved": "https://registry.npmjs.org/vue/-/vue-2.7.14.tgz",
      "integrity": "sha512-b2qkFyOM0kwqWFuQmgd4o+uHGU7T+2z3T+WQp8UBjADfEv2n4FEMffzBmCKNP0IGzOEEfYjvtcC62xaSKeQDrQ==",
      "requires": {
        "@vue/compiler-sfc": "2.7.14",
        "csstype": "^3.1.0"
      }
    },
    "vue-ads-form-builder": {
      "version": "0.1.15",
      "resolved": "https://registry.npmjs.org/vue-ads-form-builder/-/vue-ads-form-builder-0.1.15.tgz",
      "integrity": "sha512-7J3itnT+MHqODyO39JkGetREA1YlnNVHYj6KGlT9uGMnNr1H7NmTStasoZ1bpHU7AJ5Uyyp7tuWZl105H7DEPw==",
      "requires": {
        "@fortawesome/fontawesome-free": "^5.7.2",
        "vee-validate": "^2.1.7",
        "vue": "^2.6.6",
        "vue-perfect-scrollbar": "^0.1.0"
      }
    },
    "vue-ads-pagination": {
      "version": "2.1.7",
      "resolved": "https://registry.npmjs.org/vue-ads-pagination/-/vue-ads-pagination-2.1.7.tgz",
      "integrity": "sha512-uvWHvHjG3KhdiVeLm4v5DP4K3+MlczizSLCuILNHnWghvt6q6og3L7k8fGuyXFyqMOBftEdV90WU6wRcNCqwtA==",
      "requires": {
        "@fortawesome/fontawesome-free": "^5.11.2",
        "vue": "^2.6.10"
      },
      "dependencies": {
        "@fortawesome/fontawesome-free": {
          "version": "5.15.1",
          "resolved": "https://registry.npmjs.org/@fortawesome/fontawesome-free/-/fontawesome-free-5.15.1.tgz",
          "integrity": "sha512-OEdH7SyC1suTdhBGW91/zBfR6qaIhThbcN8PUXtXilY4GYnSBbVqOntdHbC1vXwsDnX0Qix2m2+DSU1J51ybOQ=="
        }
      }
    },
    "vue-ads-table-tree": {
      "version": "2.4.2",
      "resolved": "https://registry.npmjs.org/vue-ads-table-tree/-/vue-ads-table-tree-2.4.2.tgz",
      "integrity": "sha512-PBWA1fFw/AdislGkb+zSsvdPQaLrabxymrJq44wsuKIcQUeIWA6bGS/0239XbpsWkuIt6Gtj6yIoSypj5A3qAw==",
      "requires": {
        "@fortawesome/fontawesome-free": "^5.11.2",
        "vue": "^2.6.10",
        "vue-ads-form-builder": "^0.1.15",
        "vue-ads-pagination": "^2.1.7",
        "vue-json-excel": "^0.2.98"
      },
      "dependencies": {
        "@fortawesome/fontawesome-free": {
          "version": "5.15.1",
          "resolved": "https://registry.npmjs.org/@fortawesome/fontawesome-free/-/fontawesome-free-5.15.1.tgz",
          "integrity": "sha512-OEdH7SyC1suTdhBGW91/zBfR6qaIhThbcN8PUXtXilY4GYnSBbVqOntdHbC1vXwsDnX0Qix2m2+DSU1J51ybOQ=="
        }
      }
    },
    "vue-directive-tooltip": {
      "version": "1.6.3",
      "resolved": "https://registry.npmjs.org/vue-directive-tooltip/-/vue-directive-tooltip-1.6.3.tgz",
      "integrity": "sha512-aSdlBIdibctL+Tw+2j+IVUtz/fOZPLMQz0xxSoIGOA223WsPahiybSykJHx6QxtPzWq2phE/OZaCTmvMOVPyeA==",
      "requires": {
        "popper.js": "1.15.0"
      },
      "dependencies": {
        "popper.js": {
          "version": "1.15.0",
          "resolved": "https://registry.npmjs.org/popper.js/-/popper.js-1.15.0.tgz",
          "integrity": "sha512-w010cY1oCUmI+9KwwlWki+r5jxKfTFDVoadl7MSrIujHU5MJ5OR6HTDj6Xo8aoR/QsA56x8jKjA59qGH4ELtrA=="
        }
      }
    },
    "vue-json-excel": {
      "version": "0.2.99",
      "resolved": "https://registry.npmjs.org/vue-json-excel/-/vue-json-excel-0.2.99.tgz",
      "integrity": "sha512-Zu1uV/KUGjG8oGchF1kK/53eaTEXoKPC4pZknuF3n+/7fctxuuOuQ5bda9GRE0PukRCbyJtL1v3Y256GmnyOaQ==",
      "requires": {
        "downloadjs": "^1.4.7"
      }
    },
    "vue-perfect-scrollbar": {
      "version": "0.1.0",
      "resolved": "https://registry.npmjs.org/vue-perfect-scrollbar/-/vue-perfect-scrollbar-0.1.0.tgz",
      "integrity": "sha512-l/ZEidPDFplXeDtxs+gO3D8efhwqyIEcUtfvfRujCQemcn39ghpSNoizWWZYI6Ro0iz3yP+w7LqNxEBjE+T1qQ=="
    }
  }
}
